
Microsoft Visual Studio Solution File, Format Version 12.00
# Visual Studio Version 17
VisualStudioVersion = 17.14.36121.58
MinimumVisualStudioVersion = 10.0.40219.1
Project("{FAE04EC0-301F-11D3-BF4B-00C04F79EFBC}") = "S25Week4GenericCollections", "S25Week4GenericCollections\S25Week4GenericCollections.csproj", "{E839D69C-E8F5-4974-BFA7-027D6FF51C1B}"
EndProject
Project("{FAE04EC0-301F-11D3-BF4B-00C04F79EFBC}") = "ListExample", "ListExample\ListExample.csproj", "{576D6144-A3B5-4D1E-8A09-3593B0C0AF8E}"
EndProject
Project("{FAE04EC0-301F-11D3-BF4B-00C04F79EFBC}") = "DictionaryExample", "DictionaryExample\DictionaryExample.csproj", "{50714A7D-3ED2-4354-AA3D-3D1DE75BB257}"
EndProject
Global
	GlobalSection(SolutionConfigurationPlatforms) = preSolution
		Debug|Any CPU = Debug|Any CPU
		Release|Any CPU = Release|Any CPU
	EndGlobalSection
	GlobalSection(ProjectConfigurationPlatforms) = postSolution
		{E839D69C-E8F5-4974-BFA7-027D6FF51C1B}.Debug|Any CPU.ActiveCfg = Debug|Any CPU
		{E839D69C-E8F5-4974-BFA7-027D6FF51C1B}.Debug|Any CPU.Build.0 = Debug|Any CPU
		{E839D69C-E8F5-4974-BFA7-027D6FF51C1B}.Release|Any CPU.ActiveCfg = Release|Any CPU
		{E839D69C-E8F5-4974-BFA7-027D6FF51C1B}.Release|Any CPU.Build.0 = Release|Any CPU
		{576D6144-A3B5-4D1E-8A09-3593B0C0AF8E}.Debug|Any CPU.ActiveCfg = Debug|Any CPU
		{576D6144-A3B5-4D1E-8A09-3593B0C0AF8E}.Debug|Any CPU.Build.0 = Debug|Any CPU
		{576D6144-A3B5-4D1E-8A09-3593B0C0AF8E}.Release|Any CPU.ActiveCfg = Release|Any CPU
		{576D6144-A3B5-4D1E-8A09-3593B0C0AF8E}.Release|Any CPU.Build.0 = Release|Any CPU
		{50714A7D-3ED2-4354-AA3D-3D1DE75BB257}.Debug|Any CPU.ActiveCfg = Debug|Any CPU
		{50714A7D-3ED2-4354-AA3D-3D1DE75BB257}.Debug|Any CPU.Build.0 = Debug|Any CPU
		{50714A7D-3ED2-4354-AA3D-3D1DE75BB257}.Release|Any CPU.ActiveCfg = Release|Any CPU
		{50714A7D-3ED2-4354-AA3D-3D1DE75BB257}.Release|Any CPU.Build.0 = Release|Any CPU
	EndGlobalSection
	GlobalSection(SolutionProperties) = preSolution
		HideSolutionNode = FALSE
	EndGlobalSection
	GlobalSection(ExtensibilityGlobals) = postSolution
		SolutionGuid = {23AC5DFF-F7FB-4A03-9DC0-954B56C46B02}
	EndGlobalSection
EndGlobal
